
Microsoft Visual Studio Solution File, Format Version 12.00
# Visual Studio Version 17
VisualStudioVersion = 17.6.33712.159
MinimumVisualStudioVersion = 10.0.40219.1
Project("{9A19103F-16F7-4668-BE54-9A1E7A4F7556}") = "LoginHandling", "LoginHandling\LoginHandling.csproj", "{A2D06084-5298-42F1-9549-1F657470E7A6}"
EndProject
Global
	GlobalSection(SolutionConfigurationPlatforms) = preSolution
		Debug|Any CPU = Debug|Any CPU
		Release|Any CPU = Release|Any CPU
	EndGlobalSection
	GlobalSection(ProjectConfigurationPlatforms) = postSolution
		{A2D06084-5298-42F1-9549-1F657470E7A6}.Debug|Any CPU.ActiveCfg = Debug|Any CPU
		{A2D06084-5298-42F1-9549-1F657470E7A6}.Debug|Any CPU.Build.0 = Debug|Any CPU
		{A2D06084-5298-42F1-9549-1F657470E7A6}.Release|Any CPU.ActiveCfg = Release|Any CPU
		{A2D06084-5298-42F1-9549-1F657470E7A6}.Release|Any CPU.Build.0 = Release|Any CPU
	EndGlobalSection
	GlobalSection(SolutionProperties) = preSolution
		HideSolutionNode = FALSE
	EndGlobalSection
	GlobalSection(ExtensibilityGlobals) = postSolution
		SolutionGuid = {3FB672BB-9706-41A2-A7E2-38EA8E5520C2}
	EndGlobalSection
EndGlobal
